
Microsoft Visual Studio Solution File, Format Version 12.00
Project("{FAE04EC0-301F-11D3-BF4B-00C04F79EFBC}") = "LudoApi", "LudoApi\LudoApi.csproj", "{4347C20E-A385-42C0-BC15-24A9B72CFA0B}"
EndProject
Global
	GlobalSection(SolutionConfigurationPlatforms) = preSolution
		Debug|Any CPU = Debug|Any CPU
		Release|Any CPU = Release|Any CPU
	EndGlobalSection
	GlobalSection(ProjectConfigurationPlatforms) = postSolution
		{4347C20E-A385-42C0-BC15-24A9B72CFA0B}.Debug|Any CPU.ActiveCfg = Debug|Any CPU
		{4347C20E-A385-42C0-BC15-24A9B72CFA0B}.Debug|Any CPU.Build.0 = Debug|Any CPU
		{4347C20E-A385-42C0-BC15-24A9B72CFA0B}.Release|Any CPU.ActiveCfg = Release|Any CPU
		{4347C20E-A385-42C0-BC15-24A9B72CFA0B}.Release|Any CPU.Build.0 = Release|Any CPU
	EndGlobalSection
EndGlobal
